
Microsoft Visual Studio Solution File, Format Version 12.00
# Visual Studio Version 17
VisualStudioVersion = 17.4.33403.182
MinimumVisualStudioVersion = 10.0.40219.1
Project("{FAE04EC0-301F-11D3-BF4B-00C04F79EFBC}") = "MovieWeb", "MovieWeb\MovieWeb.csproj", "{649BA421-7A1B-4F77-A27E-932579F8A4CF}"
EndProject
Global
	GlobalSection(SolutionConfigurationPlatforms) = preSolution
		Debug|Any CPU = Debug|Any CPU
		Release|Any CPU = Release|Any CPU
	EndGlobalSection
	GlobalSection(ProjectConfigurationPlatforms) = postSolution
		{649BA421-7A1B-4F77-A27E-932579F8A4CF}.Debug|Any CPU.ActiveCfg = Debug|Any CPU
		{649BA421-7A1B-4F77-A27E-932579F8A4CF}.Debug|Any CPU.Build.0 = Debug|Any CPU
		{649BA421-7A1B-4F77-A27E-932579F8A4CF}.Release|Any CPU.ActiveCfg = Release|Any CPU
		{649BA421-7A1B-4F77-A27E-932579F8A4CF}.Release|Any CPU.Build.0 = Release|Any CPU
	EndGlobalSection
	GlobalSection(SolutionProperties) = preSolution
		HideSolutionNode = FALSE
	EndGlobalSection
	GlobalSection(ExtensibilityGlobals) = postSolution
		SolutionGuid = {2B3AF913-A136-4290-84B6-70653F5398AD}
	EndGlobalSection
EndGlobal
